
Microsoft Visual Studio Solution File, Format Version 12.00
# Visual Studio Version 17
VisualStudioVersion = 17.5.33516.290
MinimumVisualStudioVersion = 10.0.40219.1
Project("{FAE04EC0-301F-11D3-BF4B-00C04F79EFBC}") = "Model", "Model\Model.csproj", "{6C41918F-6D31-46CE-A4A4-262685C594D2}"
EndProject
Project("{FAE04EC0-301F-11D3-BF4B-00C04F79EFBC}") = "Dao", "Dao\Dao.csproj", "{C69E2F51-8EE5-408C-A502-3E761C0494C4}"
EndProject
Project("{FAE04EC0-301F-11D3-BF4B-00C04F79EFBC}") = "Controller", "Controller\Controller.csproj", "{5C68874E-7A57-48DB-841B-8CD8FC81D94B}"
EndProject
Global
	GlobalSection(SolutionConfigurationPlatforms) = preSolution
		Debug|Any CPU = Debug|Any CPU
		Release|Any CPU = Release|Any CPU
	EndGlobalSection
	GlobalSection(ProjectConfigurationPlatforms) = postSolution
		{6C41918F-6D31-46CE-A4A4-262685C594D2}.Debug|Any CPU.ActiveCfg = Debug|Any CPU
		{6C41918F-6D31-46CE-A4A4-262685C594D2}.Debug|Any CPU.Build.0 = Debug|Any CPU
		{6C41918F-6D31-46CE-A4A4-262685C594D2}.Release|Any CPU.ActiveCfg = Release|Any CPU
		{6C41918F-6D31-46CE-A4A4-262685C594D2}.Release|Any CPU.Build.0 = Release|Any CPU
		{C69E2F51-8EE5-408C-A502-3E761C0494C4}.Debug|Any CPU.ActiveCfg = Debug|Any CPU
		{C69E2F51-8EE5-408C-A502-3E761C0494C4}.Debug|Any CPU.Build.0 = Debug|Any CPU
		{C69E2F51-8EE5-408C-A502-3E761C0494C4}.Release|Any CPU.ActiveCfg = Release|Any CPU
		{C69E2F51-8EE5-408C-A502-3E761C0494C4}.Release|Any CPU.Build.0 = Release|Any CPU
		{5C68874E-7A57-48DB-841B-8CD8FC81D94B}.Debug|Any CPU.ActiveCfg = Debug|Any CPU
		{5C68874E-7A57-48DB-841B-8CD8FC81D94B}.Debug|Any CPU.Build.0 = Debug|Any CPU
		{5C68874E-7A57-48DB-841B-8CD8FC81D94B}.Release|Any CPU.ActiveCfg = Release|Any CPU
		{5C68874E-7A57-48DB-841B-8CD8FC81D94B}.Release|Any CPU.Build.0 = Release|Any CPU
	EndGlobalSection
	GlobalSection(SolutionProperties) = preSolution
		HideSolutionNode = FALSE
	EndGlobalSection
	GlobalSection(ExtensibilityGlobals) = postSolution
		SolutionGuid = {BDB9B336-AAEA-4AE5-90BA-0664D66CB72F}
	EndGlobalSection
EndGlobal
